
Microsoft Visual Studio Solution File, Format Version 12.00
# Visual Studio Version 17
VisualStudioVersion = 17.9.34622.214
MinimumVisualStudioVersion = 10.0.40219.1
Project("{8BC9CEB8-8B4A-11D0-8D11-00A0C91BC942}") = "Lab10", "Lab10\Lab10.vcxproj", "{110BDD67-C202-4834-8E25-5E553EA6F43C}"
EndProject
Global
	GlobalSection(SolutionConfigurationPlatforms) = preSolution
		Debug|x64 = Debug|x64
		Debug|x86 = Debug|x86
		Release|x64 = Release|x64
		Release|x86 = Release|x86
	EndGlobalSection
	GlobalSection(ProjectConfigurationPlatforms) = postSolution
		{110BDD67-C202-4834-8E25-5E553EA6F43C}.Debug|x64.ActiveCfg = Debug|x64
		{110BDD67-C202-4834-8E25-5E553EA6F43C}.Debug|x64.Build.0 = Debug|x64
		{110BDD67-C202-4834-8E25-5E553EA6F43C}.Debug|x86.ActiveCfg = Debug|Win32
		{110BDD67-C202-4834-8E25-5E553EA6F43C}.Debug|x86.Build.0 = Debug|Win32
		{110BDD67-C202-4834-8E25-5E553EA6F43C}.Release|x64.ActiveCfg = Release|x64
		{110BDD67-C202-4834-8E25-5E553EA6F43C}.Release|x64.Build.0 = Release|x64
		{110BDD67-C202-4834-8E25-5E553EA6F43C}.Release|x86.ActiveCfg = Release|Win32
		{110BDD67-C202-4834-8E25-5E553EA6F43C}.Release|x86.Build.0 = Release|Win32
	EndGlobalSection
	GlobalSection(SolutionProperties) = preSolution
		HideSolutionNode = FALSE
	EndGlobalSection
	GlobalSection(ExtensibilityGlobals) = postSolution
		SolutionGuid = {169B16E6-8533-4B85-871E-804185F5A197}
	EndGlobalSection
EndGlobal
